
Microsoft Visual Studio Solution File, Format Version 12.00
Project("{FAE04EC0-301F-11D3-BF4B-00C04F79EFBC}") = "WebChat", "WebChat\WebChat.csproj", "{1BE5382D-E9D4-47B2-AB0E-D7A9D148BD0F}"
EndProject
Project("{FAE04EC0-301F-11D3-BF4B-00C04F79EFBC}") = "WebChatClient", "WebChatClient\WebChatClient.csproj", "{DA68ED5D-D847-4165-AED3-143A7191153B}"
EndProject
Global
	GlobalSection(SolutionConfigurationPlatforms) = preSolution
		Debug|Any CPU = Debug|Any CPU
		Release|Any CPU = Release|Any CPU
	EndGlobalSection
	GlobalSection(ProjectConfigurationPlatforms) = postSolution
		{1BE5382D-E9D4-47B2-AB0E-D7A9D148BD0F}.Debug|Any CPU.ActiveCfg = Debug|Any CPU
		{1BE5382D-E9D4-47B2-AB0E-D7A9D148BD0F}.Debug|Any CPU.Build.0 = Debug|Any CPU
		{1BE5382D-E9D4-47B2-AB0E-D7A9D148BD0F}.Release|Any CPU.ActiveCfg = Release|Any CPU
		{1BE5382D-E9D4-47B2-AB0E-D7A9D148BD0F}.Release|Any CPU.Build.0 = Release|Any CPU
		{DA68ED5D-D847-4165-AED3-143A7191153B}.Debug|Any CPU.ActiveCfg = Debug|Any CPU
		{DA68ED5D-D847-4165-AED3-143A7191153B}.Debug|Any CPU.Build.0 = Debug|Any CPU
		{DA68ED5D-D847-4165-AED3-143A7191153B}.Release|Any CPU.ActiveCfg = Release|Any CPU
		{DA68ED5D-D847-4165-AED3-143A7191153B}.Release|Any CPU.Build.0 = Release|Any CPU
	EndGlobalSection
EndGlobal
